
Microsoft Visual Studio Solution File, Format Version 12.00
# Visual Studio Version 17
VisualStudioVersion = 17.2.32616.157
MinimumVisualStudioVersion = 10.0.40219.1
Project("{FAE04EC0-301F-11D3-BF4B-00C04F79EFBC}") = "TodoApp", "TodoApp\TodoApp.csproj", "{38477097-B27F-47B8-B2B8-4CAE13FC0CEE}"
EndProject
Global
	GlobalSection(SolutionConfigurationPlatforms) = preSolution
		Debug|Any CPU = Debug|Any CPU
		Release|Any CPU = Release|Any CPU
	EndGlobalSection
	GlobalSection(ProjectConfigurationPlatforms) = postSolution
		{38477097-B27F-47B8-B2B8-4CAE13FC0CEE}.Debug|Any CPU.ActiveCfg = Debug|Any CPU
		{38477097-B27F-47B8-B2B8-4CAE13FC0CEE}.Debug|Any CPU.Build.0 = Debug|Any CPU
		{38477097-B27F-47B8-B2B8-4CAE13FC0CEE}.Release|Any CPU.ActiveCfg = Release|Any CPU
		{38477097-B27F-47B8-B2B8-4CAE13FC0CEE}.Release|Any CPU.Build.0 = Release|Any CPU
	EndGlobalSection
	GlobalSection(SolutionProperties) = preSolution
		HideSolutionNode = FALSE
	EndGlobalSection
	GlobalSection(ExtensibilityGlobals) = postSolution
		SolutionGuid = {A406808A-D067-4025-AE85-7B68BBEFBF09}
	EndGlobalSection
EndGlobal
